
Microsoft Visual Studio Solution File, Format Version 12.00
# Visual Studio Version 17
VisualStudioVersion = 17.8.0.0
MinimumVisualStudioVersion = 17.8.0.0
Project("{9A19103F-16F7-4668-BE54-9A1E7A4F7556}") = "DriverStandings.AppHost", "DriverStandings.AppHost\DriverStandings.AppHost.csproj", "{E9D26334-EB20-44C1-8CDC-4AE737EE1692}"
EndProject
Project("{9A19103F-16F7-4668-BE54-9A1E7A4F7556}") = "DriverStandings.ServiceDefaults", "DriverStandings.ServiceDefaults\DriverStandings.ServiceDefaults.csproj", "{0F281899-3475-456B-AFC9-4ABE9ED5AE2F}"
EndProject
Project("{FAE04EC0-301F-11D3-BF4B-00C04F79EFBC}") = "DriverStandingsApi", "DriverStandingsApi\DriverStandingsApi.csproj", "{28B330B9-82A0-451F-A1E7-D12E0248B8E7}"
EndProject
Project("{FAE04EC0-301F-11D3-BF4B-00C04F79EFBC}") = "DriverStandingsApi.UnitTests", "DriverStandingsApi.UnitTests\DriverStandingsApi.UnitTests.csproj", "{67D9FC4C-C842-471E-9C71-D794E5C6AFB1}"
EndProject
Project("{E24C65DC-7377-472B-9ABA-BC803B73C61A}") = "DriverStandingsWebApp", "DriverStandingsWebApp\", "{9CFA44EA-099B-4D6C-AAB5-0C764B89FF1F}"
	ProjectSection(WebsiteProperties) = preProject
		TargetFrameworkMoniker = ".NETFramework,Version%3Dv4.8"
		Debug.AspNetCompiler.VirtualPath = "/localhost_56569"
		Debug.AspNetCompiler.PhysicalPath = "DriverStandingsWebApp\"
		Debug.AspNetCompiler.TargetPath = "PrecompiledWeb\localhost_56569\"
		Debug.AspNetCompiler.Updateable = "true"
		Debug.AspNetCompiler.ForceOverwrite = "true"
		Debug.AspNetCompiler.FixedNames = "false"
		Debug.AspNetCompiler.Debug = "True"
		Release.AspNetCompiler.VirtualPath = "/localhost_56569"
		Release.AspNetCompiler.PhysicalPath = "DriverStandingsWebApp\"
		Release.AspNetCompiler.TargetPath = "PrecompiledWeb\localhost_56569\"
		Release.AspNetCompiler.Updateable = "true"
		Release.AspNetCompiler.ForceOverwrite = "true"
		Release.AspNetCompiler.FixedNames = "false"
		Release.AspNetCompiler.Debug = "False"
		VWDPort = "56569"
		SlnRelativePath = "DriverStandingsWebApp\"
	EndProjectSection
EndProject
Global
	GlobalSection(SolutionConfigurationPlatforms) = preSolution
		Debug|Any CPU = Debug|Any CPU
		Release|Any CPU = Release|Any CPU
	EndGlobalSection
	GlobalSection(ProjectConfigurationPlatforms) = postSolution
		{E9D26334-EB20-44C1-8CDC-4AE737EE1692}.Debug|Any CPU.ActiveCfg = Debug|Any CPU
		{E9D26334-EB20-44C1-8CDC-4AE737EE1692}.Debug|Any CPU.Build.0 = Debug|Any CPU
		{E9D26334-EB20-44C1-8CDC-4AE737EE1692}.Release|Any CPU.ActiveCfg = Release|Any CPU
		{E9D26334-EB20-44C1-8CDC-4AE737EE1692}.Release|Any CPU.Build.0 = Release|Any CPU
		{0F281899-3475-456B-AFC9-4ABE9ED5AE2F}.Debug|Any CPU.ActiveCfg = Debug|Any CPU
		{0F281899-3475-456B-AFC9-4ABE9ED5AE2F}.Debug|Any CPU.Build.0 = Debug|Any CPU
		{0F281899-3475-456B-AFC9-4ABE9ED5AE2F}.Release|Any CPU.ActiveCfg = Release|Any CPU
		{0F281899-3475-456B-AFC9-4ABE9ED5AE2F}.Release|Any CPU.Build.0 = Release|Any CPU
		{28B330B9-82A0-451F-A1E7-D12E0248B8E7}.Debug|Any CPU.ActiveCfg = Debug|Any CPU
		{28B330B9-82A0-451F-A1E7-D12E0248B8E7}.Debug|Any CPU.Build.0 = Debug|Any CPU
		{28B330B9-82A0-451F-A1E7-D12E0248B8E7}.Release|Any CPU.ActiveCfg = Release|Any CPU
		{28B330B9-82A0-451F-A1E7-D12E0248B8E7}.Release|Any CPU.Build.0 = Release|Any CPU
		{67D9FC4C-C842-471E-9C71-D794E5C6AFB1}.Debug|Any CPU.ActiveCfg = Debug|Any CPU
		{67D9FC4C-C842-471E-9C71-D794E5C6AFB1}.Debug|Any CPU.Build.0 = Debug|Any CPU
		{67D9FC4C-C842-471E-9C71-D794E5C6AFB1}.Release|Any CPU.ActiveCfg = Release|Any CPU
		{67D9FC4C-C842-471E-9C71-D794E5C6AFB1}.Release|Any CPU.Build.0 = Release|Any CPU
		{9CFA44EA-099B-4D6C-AAB5-0C764B89FF1F}.Debug|Any CPU.ActiveCfg = Debug|Any CPU
		{9CFA44EA-099B-4D6C-AAB5-0C764B89FF1F}.Debug|Any CPU.Build.0 = Debug|Any CPU
		{9CFA44EA-099B-4D6C-AAB5-0C764B89FF1F}.Release|Any CPU.ActiveCfg = Debug|Any CPU
		{9CFA44EA-099B-4D6C-AAB5-0C764B89FF1F}.Release|Any CPU.Build.0 = Debug|Any CPU
	EndGlobalSection
	GlobalSection(SolutionProperties) = preSolution
		HideSolutionNode = FALSE
	EndGlobalSection
	GlobalSection(ExtensibilityGlobals) = postSolution
		SolutionGuid = {684DBD5F-9235-484E-8D85-9D718E170597}
	EndGlobalSection
EndGlobal
